
Microsoft Visual Studio Solution File, Format Version 12.00
# Visual Studio 15
VisualStudioVersion = 15.0.28307.421
MinimumVisualStudioVersion = 10.0.40219.1
Project("{FAE04EC0-301F-11D3-BF4B-00C04F79EFBC}") = "Install_ICM", "Install_ICM\Install_ICM.csproj", "{793E0369-72CF-47D0-82ED-FED90D40A1D1}"
EndProject
Global
	GlobalSection(SolutionConfigurationPlatforms) = preSolution
		Debug|Any CPU = Debug|Any CPU
		Release|Any CPU = Release|Any CPU
	EndGlobalSection
	GlobalSection(ProjectConfigurationPlatforms) = postSolution
		{793E0369-72CF-47D0-82ED-FED90D40A1D1}.Debug|Any CPU.ActiveCfg = Debug|Any CPU
		{793E0369-72CF-47D0-82ED-FED90D40A1D1}.Debug|Any CPU.Build.0 = Debug|Any CPU
		{793E0369-72CF-47D0-82ED-FED90D40A1D1}.Release|Any CPU.ActiveCfg = Release|Any CPU
		{793E0369-72CF-47D0-82ED-FED90D40A1D1}.Release|Any CPU.Build.0 = Release|Any CPU
	EndGlobalSection
	GlobalSection(SolutionProperties) = preSolution
		HideSolutionNode = FALSE
	EndGlobalSection
	GlobalSection(ExtensibilityGlobals) = postSolution
		SolutionGuid = {2FAEB6C8-6405-4AE8-BADF-02D630F8B3D6}
	EndGlobalSection
EndGlobal
